<?xml version="1.0" encoding="UTF-8" standalone="yes" ?>
<CodeBlocks_project_file>
	<FileVersion major="1" minor="6" />
	<Project>
		<Option title="TPIntegrador" />
		<Option pch_mode="2" />
		<Option compiler="gcc" />
		<Build>
			<Target title="Debug">
				<Option output="bin/Debug/TPIntegrador" prefix_auto="1" extension_auto="1" />
				<Option object_output="obj/Debug/" />
				<Option type="1" />
				<Option compiler="gcc" />
				<Compiler>
					<Add option="-g" />
				</Compiler>
			</Target>
			<Target title="Release">
				<Option output="bin/Release/TPIntegrador" prefix_auto="1" extension_auto="1" />
				<Option object_output="obj/Release/" />
				<Option type="1" />
				<Option compiler="gcc" />
				<Compiler>
					<Add option="-O2" />
				</Compiler>
				<Linker>
					<Add option="-s" />
				</Linker>
			</Target>
		</Build>
		<Compiler>
			<Add option="-Wall" />
			<Add option="-fexceptions" />
		</Compiler>
		<Unit filename="Cliente.cpp" />
		<Unit filename="Cliente.h" />
		<Unit filename="ClienteArchivo.cpp" />
		<Unit filename="ClienteArchivo.h">
			<Option target="&lt;{~None~}&gt;" />
		</Unit>
		<Unit filename="ClienteManager.cpp" />
		<Unit filename="ClienteManager.h">
			<Option target="&lt;{~None~}&gt;" />
		</Unit>
		<Unit filename="Fecha.cpp" />
		<Unit filename="Fecha.h" />
		<Unit filename="Menu.cpp" />
		<Unit filename="Menu.h">
			<Option target="&lt;{~None~}&gt;" />
		</Unit>
		<Unit filename="Pelicula.cpp" />
		<Unit filename="Pelicula.h" />
		<Unit filename="PeliculaArchivo.cpp" />
		<Unit filename="PeliculaArchivo.h">
			<Option target="&lt;{~None~}&gt;" />
		</Unit>
		<Unit filename="PeliculaManager.cpp" />
		<Unit filename="PeliculaManager.h">
			<Option target="&lt;{~None~}&gt;" />
		</Unit>
		<Unit filename="Reportes.cpp" />
		<Unit filename="Reportes.h" />
		<Unit filename="Sala.cpp" />
		<Unit filename="Sala.h" />
		<Unit filename="SalaArchivo.cpp" />
		<Unit filename="SalaArchivo.h">
			<Option target="&lt;{~None~}&gt;" />
		</Unit>
		<Unit filename="SalaManager.cpp" />
		<Unit filename="SalaManager.h">
			<Option target="&lt;{~None~}&gt;" />
		</Unit>
		<Unit filename="Venta.cpp" />
		<Unit filename="Venta.h" />
		<Unit filename="VentaArchivo.cpp" />
		<Unit filename="VentaArchivo.h">
			<Option target="&lt;{~None~}&gt;" />
		</Unit>
		<Unit filename="VentaManager.cpp" />
		<Unit filename="VentaManager.h">
			<Option target="&lt;{~None~}&gt;" />
		</Unit>
		<Unit filename="funcionesGlobales.cpp" />
		<Unit filename="funcionesGlobales.h" />
		<Unit filename="main.cpp" />
		<Extensions>
			<lib_finder disable_auto="1" />
		</Extensions>
	</Project>
</CodeBlocks_project_file>
